<?xml version="1.0" encoding="utf-8"?>
<Project ToolsVersion="4.0" xmlns="http://schemas.microsoft.com/developer/msbuild/2003">
  <ItemGroup>
    <Filter Include="Source Files">
      <UniqueIdentifier>{D42910E8-92D5-46D4-B8CE-B56A2B746773}</UniqueIdentifier>
      <Extensions>cpp;c;cc;cxx;c++;cppm;ixx;def;odl;idl;hpj;bat;asm;asmx</Extensions>
    </Filter>
    <Filter Include="Header Files">
      <UniqueIdentifier>{742B9ACC-2048-47B0-A23C-EDEA7560CD23}</UniqueIdentifier>
      <Extensions>h;hh;hpp;hxx;h++;hm;inl;inc;ipp;xsd</Extensions>
    </Filter>
    <Filter Include="Resource Files">
      <UniqueIdentifier>{A6165B19-D815-4F33-AB83-C1DCF43B491E}</UniqueIdentifier>
      <Extensions>rc;ico;cur;bmp;dlg;rc2;rct;bin;rgs;gif;jpg;jpeg;jpe;resx;tiff;tif;png;wav;mfcribbon-ms</Extensions>
    </Filter>
  </ItemGroup>
  <ItemGroup>
    <None Include="imgui.ini" />
  </ItemGroup>
  <ItemGroup>
    <ClInclude Include="nuklear_d3d11.h">
      <Filter>Header Files</Filter>
    </ClInclude>
    <ClInclude Include="offsets.h">
      <Filter>Header Files</Filter>
    </ClInclude>
    <ClInclude Include="Vector.hpp">
      <Filter>Header Files</Filter>
    </ClInclude>
    <ClInclude Include="vector3.h">
      <Filter>Header Files</Filter>
    </ClInclude>
    <ClInclude Include="VMatrix.hpp">
      <Filter>Header Files</Filter>
    </ClInclude>
    <ClInclude Include="Driver &amp; Injector\Clean.h">
      <Filter>Header Files</Filter>
    </ClInclude>
    <ClInclude Include="Driver &amp; Injector\Dependencies.h">
      <Filter>Header Files</Filter>
    </ClInclude>
    <ClInclude Include="Driver &amp; Injector\Helpers.h">
      <Filter>Header Files</Filter>
    </ClInclude>
    <ClInclude Include="Driver &amp; Injector\Memory.h">
      <Filter>Header Files</Filter>
    </ClInclude>
  </ItemGroup>
  <ItemGroup>
    <ClCompile Include="Vector2D.cpp">
      <Filter>Source Files</Filter>
    </ClCompile>
    <ClCompile Include="Vector4D.cpp">
      <Filter>Source Files</Filter>
    </ClCompile>
    <ClCompile Include="zenti.cpp">
      <Filter>Source Files</Filter>
    </ClCompile>
    <ClCompile Include="Driver &amp; Injector\Clean.c">
      <Filter>Source Files</Filter>
    </ClCompile>
    <ClCompile Include="Driver &amp; Injector\Main.c">
      <Filter>Source Files</Filter>
    </ClCompile>
    <ClCompile Include="Driver &amp; Injector\Memory.c">
      <Filter>Source Files</Filter>
    </ClCompile>
  </ItemGroup>
</Project>